// !$*UTF8*$!
{
	archiveVersion = 1;
	classes = {
	};
	objectVersion = 51;
	objects = {

/* Begin PBXBuildFile section */
		0C05A316E2584C9A15E6A267 /* Pods_InstagramTests.framework in Frameworks */ = {isa = PBXBuildFile; fileRef = 18D240C727063F7AA64D3E69 /* Pods_InstagramTests.framework */; };
		7C3807C351C13D1D745FDFAC /* Pods_Instagram_InstagramUITests.framework in Frameworks */ = {isa = PBXBuildFile; fileRef = 9B333B1D171CFEA73869F37C /* Pods_Instagram_InstagramUITests.framework */; };
		B42864D224B4EE3C00F03109 /* AppDelegate.m in Sources */ = {isa = PBXBuildFile; fileRef = B42864D124B4EE3C00F03109 /* AppDelegate.m */; };
		B42864D524B4EE3C00F03109 /* SceneDelegate.m in Sources */ = {isa = PBXBuildFile; fileRef = B42864D424B4EE3C00F03109 /* SceneDelegate.m */; };
		B42864D824B4EE3C00F03109 /* ViewController.m in Sources */ = {isa = PBXBuildFile; fileRef = B42864D724B4EE3C00F03109 /* ViewController.m */; };
		B42864DB24B4EE3C00F03109 /* Main.storyboard in Resources */ = {isa = PBXBuildFile; fileRef = B42864D924B4EE3C00F03109 /* Main.storyboard */; };
		B42864DD24B4EE3E00F03109 /* Assets.xcassets in Resources */ = {isa = PBXBuildFile; fileRef = B42864DC24B4EE3E00F03109 /* Assets.xcassets */; };
		B42864E024B4EE3E00F03109 /* LaunchScreen.storyboard in Resources */ = {isa = PBXBuildFile; fileRef = B42864DE24B4EE3E00F03109 /* LaunchScreen.storyboard */; };
		B42864E324B4EE3E00F03109 /* main.m in Sources */ = {isa = PBXBuildFile; fileRef = B42864E224B4EE3E00F03109 /* main.m */; };
		B42864ED24B4EE3E00F03109 /* InstagramTests.m in Sources */ = {isa = PBXBuildFile; fileRef = B42864EC24B4EE3E00F03109 /* InstagramTests.m */; };
		B42864F824B4EE3E00F03109 /* InstagramUITests.m in Sources */ = {isa = PBXBuildFile; fileRef = B42864F724B4EE3E00F03109 /* InstagramUITests.m */; };
		B428650824B5BFC700F03109 /* LoginViewController.m in Sources */ = {isa = PBXBuildFile; fileRef = B428650724B5BFC700F03109 /* LoginViewController.m */; };
		B428650B24B5D2A000F03109 /* FeedViewController.m in Sources */ = {isa = PBXBuildFile; fileRef = B428650A24B5D2A000F03109 /* FeedViewController.m */; };
		B428650F24B5E10300F03109 /* Post.m in Sources */ = {isa = PBXBuildFile; fileRef = B428650E24B5E10300F03109 /* Post.m */; };
		B428651324B5E35500F03109 /* ComposeViewController.m in Sources */ = {isa = PBXBuildFile; fileRef = B428651224B5E35500F03109 /* ComposeViewController.m */; };
		B428651624B72B6D00F03109 /* PostCell.m in Sources */ = {isa = PBXBuildFile; fileRef = B428651524B72B6D00F03109 /* PostCell.m */; };
		F886B98A49137386B9C436A5 /* Pods_Instagram.framework in Frameworks */ = {isa = PBXBuildFile; fileRef = 62FA76C2A6808A6EE4897FCC /* Pods_Instagram.framework */; };
/* End PBXBuildFile section */

/* Begin PBXContainerItemProxy section */
		B42864E924B4EE3E00F03109 /* PBXContainerItemProxy */ = {
			isa = PBXContainerItemProxy;
			containerPortal = B42864C524B4EE3C00F03109 /* Project object */;
			proxyType = 1;
			remoteGlobalIDString = B42864CC24B4EE3C00F03109;
			remoteInfo = Instagram;
		};
		B42864F424B4EE3E00F03109 /* PBXContainerItemProxy */ = {
			isa = PBXContainerItemProxy;
			containerPortal = B42864C524B4EE3C00F03109 /* Project object */;
			proxyType = 1;
			remoteGlobalIDString = B42864CC24B4EE3C00F03109;
			remoteInfo = Instagram;
		};
/* End PBXContainerItemProxy section */

/* Begin PBXFileReference section */
		0236D4B61F4B3C74F7699986 /* Pods-Instagram-InstagramUITests.debug.xcconfig */ = {isa = PBXFileReference; includeInIndex = 1; lastKnownFileType = text.xcconfig; name = "Pods-Instagram-InstagramUITests.debug.xcconfig"; path = "Target Support Files/Pods-Instagram-InstagramUITests/Pods-Instagram-InstagramUITests.debug.xcconfig"; sourceTree = "<group>"; };
		18D240C727063F7AA64D3E69 /* Pods_InstagramTests.framework */ = {isa = PBXFileReference; explicitFileType = wrapper.framework; includeInIndex = 0; path = Pods_InstagramTests.framework; sourceTree = BUILT_PRODUCTS_DIR; };
		57A89DE8F2B6DB3240B7F06C /* Pods-Instagram-InstagramUITests.release.xcconfig */ = {isa = PBXFileReference; includeInIndex = 1; lastKnownFileType = text.xcconfig; name = "Pods-Instagram-InstagramUITests.release.xcconfig"; path = "Target Support Files/Pods-Instagram-InstagramUITests/Pods-Instagram-InstagramUITests.release.xcconfig"; sourceTree = "<group>"; };
		62FA76C2A6808A6EE4897FCC /* Pods_Instagram.framework */ = {isa = PBXFileReference; explicitFileType = wrapper.framework; includeInIndex = 0; path = Pods_Instagram.framework; sourceTree = BUILT_PRODUCTS_DIR; };
		6A6D4D12350EBA43AF7FBD54 /* Pods-InstagramTests.debug.xcconfig */ = {isa = PBXFileReference; includeInIndex = 1; lastKnownFileType = text.xcconfig; name = "Pods-InstagramTests.debug.xcconfig"; path = "Target Support Files/Pods-InstagramTests/Pods-InstagramTests.debug.xcconfig"; sourceTree = "<group>"; };
		8724B0666694BC19C378A5CD /* Pods-Instagram.debug.xcconfig */ = {isa = PBXFileReference; includeInIndex = 1; lastKnownFileType = text.xcconfig; name = "Pods-Instagram.debug.xcconfig"; path = "Target Support Files/Pods-Instagram/Pods-Instagram.debug.xcconfig"; sourceTree = "<group>"; };
		917DC7D29CBD6F9C37EDB5CB /* Pods-Instagram.release.xcconfig */ = {isa = PBXFileReference; includeInIndex = 1; lastKnownFileType = text.xcconfig; name = "Pods-Instagram.release.xcconfig"; path = "Target Support Files/Pods-Instagram/Pods-Instagram.release.xcconfig"; sourceTree = "<group>"; };
		9B333B1D171CFEA73869F37C /* Pods_Instagram_InstagramUITests.framework */ = {isa = PBXFileReference; explicitFileType = wrapper.framework; includeInIndex = 0; path = Pods_Instagram_InstagramUITests.framework; sourceTree = BUILT_PRODUCTS_DIR; };
		B42864CD24B4EE3C00F03109 /* Instagram.app */ = {isa = PBXFileReference; explicitFileType = wrapper.application; includeInIndex = 0; path = Instagram.app; sourceTree = BUILT_PRODUCTS_DIR; };
		B42864D024B4EE3C00F03109 /* AppDelegate.h */ = {isa = PBXFileReference; lastKnownFileType = sourcecode.c.h; path = AppDelegate.h; sourceTree = "<group>"; };
		B42864D124B4EE3C00F03109 /* AppDelegate.m */ = {isa = PBXFileReference; lastKnownFileType = sourcecode.c.objc; path = AppDelegate.m; sourceTree = "<group>"; };
		B42864D324B4EE3C00F03109 /* SceneDelegate.h */ = {isa = PBXFileReference; lastKnownFileType = sourcecode.c.h; path = SceneDelegate.h; sourceTree = "<group>"; };
		B42864D424B4EE3C00F03109 /* SceneDelegate.m */ = {isa = PBXFileReference; lastKnownFileType = sourcecode.c.objc; path = SceneDelegate.m; sourceTree = "<group>"; };
		B42864D624B4EE3C00F03109 /* ViewController.h */ = {isa = PBXFileReference; lastKnownFileType = sourcecode.c.h; path = ViewController.h; sourceTree = "<group>"; };
		B42864D724B4EE3C00F03109 /* ViewController.m */ = {isa = PBXFileReference; lastKnownFileType = sourcecode.c.objc; path = ViewController.m; sourceTree = "<group>"; };
		B42864DA24B4EE3C00F03109 /* Base */ = {isa = PBXFileReference; lastKnownFileType = file.storyboard; name = Base; path = Base.lproj/Main.storyboard; sourceTree = "<group>"; };
		B42864DC24B4EE3E00F03109 /* Assets.xcassets */ = {isa = PBXFileReference; lastKnownFileType = folder.assetcatalog; path = Assets.xcassets; sourceTree = "<group>"; };
		B42864DF24B4EE3E00F03109 /* Base */ = {isa = PBXFileReference; lastKnownFileType = file.storyboard; name = Base; path = Base.lproj/LaunchScreen.storyboard; sourceTree = "<group>"; };
		B42864E124B4EE3E00F03109 /* Info.plist */ = {isa = PBXFileReference; lastKnownFileType = text.plist.xml; path = Info.plist; sourceTree = "<group>"; };
		B42864E224B4EE3E00F03109 /* main.m */ = {isa = PBXFileReference; lastKnownFileType = sourcecode.c.objc; path = main.m; sourceTree = "<group>"; };
		B42864E824B4EE3E00F03109 /* InstagramTests.xctest */ = {isa = PBXFileReference; explicitFileType = wrapper.cfbundle; includeInIndex = 0; path = InstagramTests.xctest; sourceTree = BUILT_PRODUCTS_DIR; };
		B42864EC24B4EE3E00F03109 /* InstagramTests.m */ = {isa = PBXFileReference; lastKnownFileType = sourcecode.c.objc; path = InstagramTests.m; sourceTree = "<group>"; };
		B42864EE24B4EE3E00F03109 /* Info.plist */ = {isa = PBXFileReference; lastKnownFileType = text.plist.xml; path = Info.plist; sourceTree = "<group>"; };
		B42864F324B4EE3E00F03109 /* InstagramUITests.xctest */ = {isa = PBXFileReference; explicitFileType = wrapper.cfbundle; includeInIndex = 0; path = InstagramUITests.xctest; sourceTree = BUILT_PRODUCTS_DIR; };
		B42864F724B4EE3E00F03109 /* InstagramUITests.m */ = {isa = PBXFileReference; lastKnownFileType = sourcecode.c.objc; path = InstagramUITests.m; sourceTree = "<group>"; };
		B42864F924B4EE3E00F03109 /* Info.plist */ = {isa = PBXFileReference; lastKnownFileType = text.plist.xml; path = Info.plist; sourceTree = "<group>"; };
		B428650624B5BFC700F03109 /* LoginViewController.h */ = {isa = PBXFileReference; lastKnownFileType = sourcecode.c.h; path = LoginViewController.h; sourceTree = "<group>"; };
		B428650724B5BFC700F03109 /* LoginViewController.m */ = {isa = PBXFileReference; lastKnownFileType = sourcecode.c.objc; path = LoginViewController.m; sourceTree = "<group>"; };
		B428650924B5D2A000F03109 /* FeedViewController.h */ = {isa = PBXFileReference; lastKnownFileType = sourcecode.c.h; path = FeedViewController.h; sourceTree = "<group>"; };
		B428650A24B5D2A000F03109 /* FeedViewController.m */ = {isa = PBXFileReference; lastKnownFileType = sourcecode.c.objc; path = FeedViewController.m; sourceTree = "<group>"; };
		B428650D24B5E10300F03109 /* Post.h */ = {isa = PBXFileReference; lastKnownFileType = sourcecode.c.h; path = Post.h; sourceTree = "<group>"; };
		B428650E24B5E10300F03109 /* Post.m */ = {isa = PBXFileReference; lastKnownFileType = sourcecode.c.objc; path = Post.m; sourceTree = "<group>"; };
		B428651124B5E35500F03109 /* ComposeViewController.h */ = {isa = PBXFileReference; lastKnownFileType = sourcecode.c.h; path = ComposeViewController.h; sourceTree = "<group>"; };
		B428651224B5E35500F03109 /* ComposeViewController.m */ = {isa = PBXFileReference; lastKnownFileType = sourcecode.c.objc; path = ComposeViewController.m; sourceTree = "<group>"; };
		B428651424B72B6D00F03109 /* PostCell.h */ = {isa = PBXFileReference; lastKnownFileType = sourcecode.c.h; path = PostCell.h; sourceTree = "<group>"; };
		B428651524B72B6D00F03109 /* PostCell.m */ = {isa = PBXFileReference; lastKnownFileType = sourcecode.c.objc; path = PostCell.m; sourceTree = "<group>"; };
		E226820EFDFE3EE31DF90D34 /* Pods-InstagramTests.release.xcconfig */ = {isa = PBXFileReference; includeInIndex = 1; lastKnownFileType = text.xcconfig; name = "Pods-InstagramTests.release.xcconfig"; path = "Target Support Files/Pods-InstagramTests/Pods-InstagramTests.release.xcconfig"; sourceTree = "<group>"; };
/* End PBXFileReference section */

/* Begin PBXFrameworksBuildPhase section */
		B42864CA24B4EE3C00F03109 /* Frameworks */ = {
			isa = PBXFrameworksBuildPhase;
			buildActionMask = 2147483647;
			files = (
				F886B98A49137386B9C436A5 /* Pods_Instagram.framework in Frameworks */,
			);
			runOnlyForDeploymentPostprocessing = 0;
		};
		B42864E524B4EE3E00F03109 /* Frameworks */ = {
			isa = PBXFrameworksBuildPhase;
			buildActionMask = 2147483647;
			files = (
				0C05A316E2584C9A15E6A267 /* Pods_InstagramTests.framework in Frameworks */,
			);
			runOnlyForDeploymentPostprocessing = 0;
		};
		B42864F024B4EE3E00F03109 /* Frameworks */ = {
			isa = PBXFrameworksBuildPhase;
			buildActionMask = 2147483647;
			files = (
				7C3807C351C13D1D745FDFAC /* Pods_Instagram_InstagramUITests.framework in Frameworks */,
			);
			runOnlyForDeploymentPostprocessing = 0;
		};
/* End PBXFrameworksBuildPhase section */

/* Begin PBXGroup section */
		7570F7C654AA8A25FBDA2173 /* Frameworks */ = {
			isa = PBXGroup;
			children = (
				62FA76C2A6808A6EE4897FCC /* Pods_Instagram.framework */,
				9B333B1D171CFEA73869F37C /* Pods_Instagram_InstagramUITests.framework */,
				18D240C727063F7AA64D3E69 /* Pods_InstagramTests.framework */,
			);
			name = Frameworks;
			sourceTree = "<group>";
		};
		B42864C424B4EE3C00F03109 = {
			isa = PBXGroup;
			children = (
				B42864CF24B4EE3C00F03109 /* Instagram */,
				B42864EB24B4EE3E00F03109 /* InstagramTests */,
				B42864F624B4EE3E00F03109 /* InstagramUITests */,
				B42864CE24B4EE3C00F03109 /* Products */,
				FA45262ED39C655939E90A96 /* Pods */,
				7570F7C654AA8A25FBDA2173 /* Frameworks */,
			);
			sourceTree = "<group>";
		};
		B42864CE24B4EE3C00F03109 /* Products */ = {
			isa = PBXGroup;
			children = (
				B42864CD24B4EE3C00F03109 /* Instagram.app */,
				B42864E824B4EE3E00F03109 /* InstagramTests.xctest */,
				B42864F324B4EE3E00F03109 /* InstagramUITests.xctest */,
			);
			name = Products;
			sourceTree = "<group>";
		};
		B42864CF24B4EE3C00F03109 /* Instagram */ = {
			isa = PBXGroup;
			children = (
				B428651024B5E2F700F03109 /* Views */,
				B428650C24B5E0BE00F03109 /* Models */,
				B428650524B5BF9D00F03109 /* View Controllers */,
				B42864D024B4EE3C00F03109 /* AppDelegate.h */,
				B42864D124B4EE3C00F03109 /* AppDelegate.m */,
				B42864D324B4EE3C00F03109 /* SceneDelegate.h */,
				B42864D424B4EE3C00F03109 /* SceneDelegate.m */,
				B42864D624B4EE3C00F03109 /* ViewController.h */,
				B42864D724B4EE3C00F03109 /* ViewController.m */,
				B42864D924B4EE3C00F03109 /* Main.storyboard */,
				B42864DC24B4EE3E00F03109 /* Assets.xcassets */,
				B42864DE24B4EE3E00F03109 /* LaunchScreen.storyboard */,
				B42864E124B4EE3E00F03109 /* Info.plist */,
				B42864E224B4EE3E00F03109 /* main.m */,
			);
			path = Instagram;
			sourceTree = "<group>";
		};
		B42864EB24B4EE3E00F03109 /* InstagramTests */ = {
			isa = PBXGroup;
			children = (
				B42864EC24B4EE3E00F03109 /* InstagramTests.m */,
				B42864EE24B4EE3E00F03109 /* Info.plist */,
			);
			path = InstagramTests;
			sourceTree = "<group>";
		};
		B42864F624B4EE3E00F03109 /* InstagramUITests */ = {
			isa = PBXGroup;
			children = (
				B42864F724B4EE3E00F03109 /* InstagramUITests.m */,
				B42864F924B4EE3E00F03109 /* Info.plist */,
			);
			path = InstagramUITests;
			sourceTree = "<group>";
		};
		B428650524B5BF9D00F03109 /* View Controllers */ = {
			isa = PBXGroup;
			children = (
				B428650624B5BFC700F03109 /* LoginViewController.h */,
				B428650724B5BFC700F03109 /* LoginViewController.m */,
				B428650924B5D2A000F03109 /* FeedViewController.h */,
				B428650A24B5D2A000F03109 /* FeedViewController.m */,
				B428651124B5E35500F03109 /* ComposeViewController.h */,
				B428651224B5E35500F03109 /* ComposeViewController.m */,
			);
			path = "View Controllers";
			sourceTree = "<group>";
		};
		B428650C24B5E0BE00F03109 /* Models */ = {
			isa = PBXGroup;
			children = (
				B428650D24B5E10300F03109 /* Post.h */,
				B428650E24B5E10300F03109 /* Post.m */,
			);
			path = Models;
			sourceTree = "<group>";
		};
		B428651024B5E2F700F03109 /* Views */ = {
			isa = PBXGroup;
			children = (
				B428651424B72B6D00F03109 /* PostCell.h */,
				B428651524B72B6D00F03109 /* PostCell.m */,
			);
			path = Views;
			sourceTree = "<group>";
		};
		FA45262ED39C655939E90A96 /* Pods */ = {
			isa = PBXGroup;
			children = (
				8724B0666694BC19C378A5CD /* Pods-Instagram.debug.xcconfig */,
				917DC7D29CBD6F9C37EDB5CB /* Pods-Instagram.release.xcconfig */,
				0236D4B61F4B3C74F7699986 /* Pods-Instagram-InstagramUITests.debug.xcconfig */,
				57A89DE8F2B6DB3240B7F06C /* Pods-Instagram-InstagramUITests.release.xcconfig */,
				6A6D4D12350EBA43AF7FBD54 /* Pods-InstagramTests.debug.xcconfig */,
				E226820EFDFE3EE31DF90D34 /* Pods-InstagramTests.release.xcconfig */,
			);
			path = Pods;
			sourceTree = "<group>";
		};
/* End PBXGroup section */

/* Begin PBXNativeTarget section */
		B42864CC24B4EE3C00F03109 /* Instagram */ = {
			isa = PBXNativeTarget;
			buildConfigurationList = B42864FC24B4EE3E00F03109 /* Build configuration list for PBXNativeTarget "Instagram" */;
			buildPhases = (
				EF8506833BE8CF5779D9F6F9 /* [CP] Check Pods Manifest.lock */,
				B42864C924B4EE3C00F03109 /* Sources */,
				B42864CA24B4EE3C00F03109 /* Frameworks */,
				B42864CB24B4EE3C00F03109 /* Resources */,
				9EDFC2337261C79C1E273ACB /* [CP] Embed Pods Frameworks */,
			);
			buildRules = (
			);
			dependencies = (
			);
			name = Instagram;
			productName = Instagram;
			productReference = B42864CD24B4EE3C00F03109 /* Instagram.app */;
			productType = "com.apple.product-type.application";
		};
		B42864E724B4EE3E00F03109 /* InstagramTests */ = {
			isa = PBXNativeTarget;
			buildConfigurationList = B42864FF24B4EE3E00F03109 /* Build configuration list for PBXNativeTarget "InstagramTests" */;
			buildPhases = (
				0719A429BE03D883F0B306D5 /* [CP] Check Pods Manifest.lock */,
				B42864E424B4EE3E00F03109 /* Sources */,
				B42864E524B4EE3E00F03109 /* Frameworks */,
				B42864E624B4EE3E00F03109 /* Resources */,
			);
			buildRules = (
			);
			dependencies = (
				B42864EA24B4EE3E00F03109 /* PBXTargetDependency */,
			);
			name = InstagramTests;
			productName = InstagramTests;
			productReference = B42864E824B4EE3E00F03109 /* InstagramTests.xctest */;
			productType = "com.apple.product-type.bundle.unit-test";
		};
		B42864F224B4EE3E00F03109 /* InstagramUITests */ = {
			isa = PBXNativeTarget;
			buildConfigurationList = B428650224B4EE3E00F03109 /* Build configuration list for PBXNativeTarget "InstagramUITests" */;
			buildPhases = (
				238EE1000C6B516E1FCE5A72 /* [CP] Check Pods Manifest.lock */,
				B42864EF24B4EE3E00F03109 /* Sources */,
				B42864F024B4EE3E00F03109 /* Frameworks */,
				B42864F124B4EE3E00F03109 /* Resources */,
				B6EEF4154F598B210812F2AC /* [CP] Embed Pods Frameworks */,
			);
			buildRules = (
			);
			dependencies = (
				B42864F524B4EE3E00F03109 /* PBXTargetDependency */,
			);
			name = InstagramUITests;
			productName = InstagramUITests;
			productReference = B42864F324B4EE3E00F03109 /* InstagramUITests.xctest */;
			productType = "com.apple.product-type.bundle.ui-testing";
		};
/* End PBXNativeTarget section */

/* Begin PBXProject section */
		B42864C524B4EE3C00F03109 /* Project object */ = {
			isa = PBXProject;
			attributes = {
				LastUpgradeCheck = 1150;
				ORGANIZATIONNAME = chadfranklin;
				TargetAttributes = {
					B42864CC24B4EE3C00F03109 = {
						CreatedOnToolsVersion = 11.5;
					};
					B42864E724B4EE3E00F03109 = {
						CreatedOnToolsVersion = 11.5;
						TestTargetID = B42864CC24B4EE3C00F03109;
					};
					B42864F224B4EE3E00F03109 = {
						CreatedOnToolsVersion = 11.5;
						TestTargetID = B42864CC24B4EE3C00F03109;
					};
				};
			};
			buildConfigurationList = B42864C824B4EE3C00F03109 /* Build configuration list for PBXProject "Instagram" */;
			compatibilityVersion = "Xcode 9.3";
			developmentRegion = en;
			hasScannedForEncodings = 0;
			knownRegions = (
				en,
				Base,
			);
			mainGroup = B42864C424B4EE3C00F03109;
			productRefGroup = B42864CE24B4EE3C00F03109 /* Products */;
			projectDirPath = "";
			projectRoot = "";
			targets = (
				B42864CC24B4EE3C00F03109 /* Instagram */,
				B42864E724B4EE3E00F03109 /* InstagramTests */,
				B42864F224B4EE3E00F03109 /* InstagramUITests */,
			);
		};
/* End PBXProject section */

/* Begin PBXResourcesBuildPhase section */
		B42864CB24B4EE3C00F03109 /* Resources */ = {
			isa = PBXResourcesBuildPhase;
			buildActionMask = 2147483647;
			files = (
				B42864E024B4EE3E00F03109 /* LaunchScreen.storyboard in Resources */,
				B42864DD24B4EE3E00F03109 /* Assets.xcassets in Resources */,
				B42864DB24B4EE3C00F03109 /* Main.storyboard in Resources */,
			);
			runOnlyForDeploymentPostprocessing = 0;
		};
		B42864E624B4EE3E00F03109 /* Resources */ = {
			isa = PBXResourcesBuildPhase;
			buildActionMask = 2147483647;
			files = (
			);
			runOnlyForDeploymentPostprocessing = 0;
		};
		B42864F124B4EE3E00F03109 /* Resources */ = {
			isa = PBXResourcesBuildPhase;
			buildActionMask = 2147483647;
			files = (
			);
			runOnlyForDeploymentPostprocessing = 0;
		};
/* End PBXResourcesBuildPhase section */

/* Begin PBXShellScriptBuildPhase section */
		0719A429BE03D883F0B306D5 /* [CP] Check Pods Manifest.lock */ = {
			isa = PBXShellScriptBuildPhase;
			buildActionMask = 2147483647;
			files = (
			);
			inputFileListPaths = (
			);
			inputPaths = (
				"${PODS_PODFILE_DIR_PATH}/Podfile.lock",
				"${PODS_ROOT}/Manifest.lock",
			);
			name = "[CP] Check Pods Manifest.lock";
			outputFileListPaths = (
			);
			outputPaths = (
				"$(DERIVED_FILE_DIR)/Pods-InstagramTests-checkManifestLockResult.txt",
			);
			runOnlyForDeploymentPostprocessing = 0;
			shellPath = /bin/sh;
			shellScript = "diff \"${PODS_PODFILE_DIR_PATH}/Podfile.lock\" \"${PODS_ROOT}/Manifest.lock\" > /dev/null\nif [ $? != 0 ] ; then\n    # print error to STDERR\n    echo \"error: The sandbox is not in sync with the Podfile.lock. Run 'pod install' or update your CocoaPods installation.\" >&2\n    exit 1\nfi\n# This output is used by Xcode 'outputs' to avoid re-running this script phase.\necho \"SUCCESS\" > \"${SCRIPT_OUTPUT_FILE_0}\"\n";
			showEnvVarsInLog = 0;
		};
		238EE1000C6B516E1FCE5A72 /* [CP] Check Pods Manifest.lock */ = {
			isa = PBXShellScriptBuildPhase;
			buildActionMask = 2147483647;
			files = (
			);
			inputFileListPaths = (
			);
			inputPaths = (
				"${PODS_PODFILE_DIR_PATH}/Podfile.lock",
				"${PODS_ROOT}/Manifest.lock",
			);
			name = "[CP] Check Pods Manifest.lock";
			outputFileListPaths = (
			);
			outputPaths = (
				"$(DERIVED_FILE_DIR)/Pods-Instagram-InstagramUITests-checkManifestLockResult.txt",
			);
			runOnlyForDeploymentPostprocessing = 0;
			shellPath = /bin/sh;
			shellScript = "diff \"${PODS_PODFILE_DIR_PATH}/Podfile.lock\" \"${PODS_ROOT}/Manifest.lock\" > /dev/null\nif [ $? != 0 ] ; then\n    # print error to STDERR\n    echo \"error: The sandbox is not in sync with the Podfile.lock. Run 'pod install' or update your CocoaPods installation.\" >&2\n    exit 1\nfi\n# This output is used by Xcode 'outputs' to avoid re-running this script phase.\necho \"SUCCESS\" > \"${SCRIPT_OUTPUT_FILE_0}\"\n";
			showEnvVarsInLog = 0;
		};
		9EDFC2337261C79C1E273ACB /* [CP] Embed Pods Frameworks */ = {
			isa = PBXShellScriptBuildPhase;
			buildActionMask = 2147483647;
			files = (
			);
			inputFileListPaths = (
				"${PODS_ROOT}/Target Support Files/Pods-Instagram/Pods-Instagram-frameworks-${CONFIGURATION}-input-files.xcfilelist",
			);
			name = "[CP] Embed Pods Frameworks";
			outputFileListPaths = (
				"${PODS_ROOT}/Target Support Files/Pods-Instagram/Pods-Instagram-frameworks-${CONFIGURATION}-output-files.xcfilelist",
			);
			runOnlyForDeploymentPostprocessing = 0;
			shellPath = /bin/sh;
			shellScript = "\"${PODS_ROOT}/Target Support Files/Pods-Instagram/Pods-Instagram-frameworks.sh\"\n";
			showEnvVarsInLog = 0;
		};
		B6EEF4154F598B210812F2AC /* [CP] Embed Pods Frameworks */ = {
			isa = PBXShellScriptBuildPhase;
			buildActionMask = 2147483647;
			files = (
			);
			inputFileListPaths = (
				"${PODS_ROOT}/Target Support Files/Pods-Instagram-InstagramUITests/Pods-Instagram-InstagramUITests-frameworks-${CONFIGURATION}-input-files.xcfilelist",
			);
			name = "[CP] Embed Pods Frameworks";
			outputFileListPaths = (
				"${PODS_ROOT}/Target Support Files/Pods-Instagram-InstagramUITests/Pods-Instagram-InstagramUITests-frameworks-${CONFIGURATION}-output-files.xcfilelist",
			);
			runOnlyForDeploymentPostprocessing = 0;
			shellPath = /bin/sh;
			shellScript = "\"${PODS_ROOT}/Target Support Files/Pods-Instagram-InstagramUITests/Pods-Instagram-InstagramUITests-frameworks.sh\"\n";
			showEnvVarsInLog = 0;
		};
		EF8506833BE8CF5779D9F6F9 /* [CP] Check Pods Manifest.lock */ = {
			isa = PBXShellScriptBuildPhase;
			buildActionMask = 2147483647;
			files = (
			);
			inputFileListPaths = (
			);
			inputPaths = (
				"${PODS_PODFILE_DIR_PATH}/Podfile.lock",
				"${PODS_ROOT}/Manifest.lock",
			);
			name = "[CP] Check Pods Manifest.lock";
			outputFileListPaths = (
			);
			outputPaths = (
				"$(DERIVED_FILE_DIR)/Pods-Instagram-checkManifestLockResult.txt",
			);
			runOnlyForDeploymentPostprocessing = 0;
			shellPath = /bin/sh;
			shellScript = "diff \"${PODS_PODFILE_DIR_PATH}/Podfile.lock\" \"${PODS_ROOT}/Manifest.lock\" > /dev/null\nif [ $? != 0 ] ; then\n    # print error to STDERR\n    echo \"error: The sandbox is not in sync with the Podfile.lock. Run 'pod install' or update your CocoaPods installation.\" >&2\n    exit 1\nfi\n# This output is used by Xcode 'outputs' to avoid re-running this script phase.\necho \"SUCCESS\" > \"${SCRIPT_OUTPUT_FILE_0}\"\n";
			showEnvVarsInLog = 0;
		};
/* End PBXShellScriptBuildPhase section */

/* Begin PBXSourcesBuildPhase section */
		B42864C924B4EE3C00F03109 /* Sources */ = {
			isa = PBXSourcesBuildPhase;
			buildActionMask = 2147483647;
			files = (
				B42864D824B4EE3C00F03109 /* ViewController.m in Sources */,
				B42864D224B4EE3C00F03109 /* AppDelegate.m in Sources */,
				B42864E324B4EE3E00F03109 /* main.m in Sources */,
				B42864D524B4EE3C00F03109 /* SceneDelegate.m in Sources */,
				B428650B24B5D2A000F03109 /* FeedViewController.m in Sources */,
				B428651624B72B6D00F03109 /* PostCell.m in Sources */,
				B428650824B5BFC700F03109 /* LoginViewController.m in Sources */,
				B428650F24B5E10300F03109 /* Post.m in Sources */,
				B428651324B5E35500F03109 /* ComposeViewController.m in Sources */,
			);
			runOnlyForDeploymentPostprocessing = 0;
		};
		B42864E424B4EE3E00F03109 /* Sources */ = {
			isa = PBXSourcesBuildPhase;
			buildActionMask = 2147483647;
			files = (
				B42864ED24B4EE3E00F03109 /* InstagramTests.m in Sources */,
			);
			runOnlyForDeploymentPostprocessing = 0;
		};
		B42864EF24B4EE3E00F03109 /* Sources */ = {
			isa = PBXSourcesBuildPhase;
			buildActionMask = 2147483647;
			files = (
				B42864F824B4EE3E00F03109 /* InstagramUITests.m in Sources */,
			);
			runOnlyForDeploymentPostprocessing = 0;
		};
/* End PBXSourcesBuildPhase section */

/* Begin PBXTargetDependency section */
		B42864EA24B4EE3E00F03109 /* PBXTargetDependency */ = {
			isa = PBXTargetDependency;
			target = B42864CC24B4EE3C00F03109 /* Instagram */;
			targetProxy = B42864E924B4EE3E00F03109 /* PBXContainerItemProxy */;
		};
		B42864F524B4EE3E00F03109 /* PBXTargetDependency */ = {
			isa = PBXTargetDependency;
			target = B42864CC24B4EE3C00F03109 /* Instagram */;
			targetProxy = B42864F424B4EE3E00F03109 /* PBXContainerItemProxy */;
		};
/* End PBXTargetDependency section */

/* Begin PBXVariantGroup section */
		B42864D924B4EE3C00F03109 /* Main.storyboard */ = {
			isa = PBXVariantGroup;
			children = (
				B42864DA24B4EE3C00F03109 /* Base */,
			);
			name = Main.storyboard;
			sourceTree = "<group>";
		};
		B42864DE24B4EE3E00F03109 /* LaunchScreen.storyboard */ = {
			isa = PBXVariantGroup;
			children = (
				B42864DF24B4EE3E00F03109 /* Base */,
			);
			name = LaunchScreen.storyboard;
			sourceTree = "<group>";
		};
/* End PBXVariantGroup section */

/* Begin XCBuildConfiguration section */
		B42864FA24B4EE3E00F03109 /* Debug */ = {
			isa = XCBuildConfiguration;
			buildSettings = {
				ALWAYS_SEARCH_USER_PATHS = NO;
				CLANG_ANALYZER_NONNULL = YES;
				CLANG_ANALYZER_NUMBER_OBJECT_CONVERSION = YES_AGGRESSIVE;
				CLANG_CXX_LANGUAGE_STANDARD = "gnu++14";
				CLANG_CXX_LIBRARY = "libc++";
				CLANG_ENABLE_MODULES = YES;
				CLANG_ENABLE_OBJC_ARC = YES;
				CLANG_ENABLE_OBJC_WEAK = YES;
				CLANG_WARN_BLOCK_CAPTURE_AUTORELEASING = YES;
				CLANG_WARN_BOOL_CONVERSION = YES;
				CLANG_WARN_COMMA = YES;
				CLANG_WARN_CONSTANT_CONVERSION = YES;
				CLANG_WARN_DEPRECATED_OBJC_IMPLEMENTATIONS = YES;
				CLANG_WARN_DIRECT_OBJC_ISA_USAGE = YES_ERROR;
				CLANG_WARN_DOCUMENTATION_COMMENTS = YES;
				CLANG_WARN_EMPTY_BODY = YES;
				CLANG_WARN_ENUM_CONVERSION = YES;
				CLANG_WARN_INFINITE_RECURSION = YES;
				CLANG_WARN_INT_CONVERSION = YES;
				CLANG_WARN_NON_LITERAL_NULL_CONVERSION = YES;
				CLANG_WARN_OBJC_IMPLICIT_RETAIN_SELF = YES;
				CLANG_WARN_OBJC_LITERAL_CONVERSION = YES;
				CLANG_WARN_OBJC_ROOT_CLASS = YES_ERROR;
				CLANG_WARN_RANGE_LOOP_ANALYSIS = YES;
				CLANG_WARN_STRICT_PROTOTYPES = YES;
				CLANG_WARN_SUSPICIOUS_MOVE = YES;
				CLANG_WARN_UNGUARDED_AVAILABILITY = YES_AGGRESSIVE;
				CLANG_WARN_UNREACHABLE_CODE = YES;
				CLANG_WARN__DUPLICATE_METHOD_MATCH = YES;
				COPY_PHASE_STRIP = NO;
				DEBUG_INFORMATION_FORMAT = dwarf;
				ENABLE_STRICT_OBJC_MSGSEND = YES;
				ENABLE_TESTABILITY = YES;
				GCC_C_LANGUAGE_STANDARD = gnu11;
				GCC_DYNAMIC_NO_PIC = NO;
				GCC_NO_COMMON_BLOCKS = YES;
				GCC_OPTIMIZATION_LEVEL = 0;
				GCC_PREPROCESSOR_DEFINITIONS = (
					"DEBUG=1",
					"$(inherited)",
				);
				GCC_WARN_64_TO_32_BIT_CONVERSION = YES;
				GCC_WARN_ABOUT_RETURN_TYPE = YES_ERROR;
				GCC_WARN_UNDECLARED_SELECTOR = YES;
				GCC_WARN_UNINITIALIZED_AUTOS = YES_AGGRESSIVE;
				GCC_WARN_UNUSED_FUNCTION = YES;
				GCC_WARN_UNUSED_VARIABLE = YES;
				IPHONEOS_DEPLOYMENT_TARGET = 13.5;
				MTL_ENABLE_DEBUG_INFO = INCLUDE_SOURCE;
				MTL_FAST_MATH = YES;
				ONLY_ACTIVE_ARCH = YES;
				SDKROOT = iphoneos;
			};
			name = Debug;
		};
		B42864FB24B4EE3E00F03109 /* Release */ = {
			isa = XCBuildConfiguration;
			buildSettings = {
				ALWAYS_SEARCH_USER_PATHS = NO;
				CLANG_ANALYZER_NONNULL = YES;
				CLANG_ANALYZER_NUMBER_OBJECT_CONVERSION = YES_AGGRESSIVE;
				CLANG_CXX_LANGUAGE_STANDARD = "gnu++14";
				CLANG_CXX_LIBRARY = "libc++";
				CLANG_ENABLE_MODULES = YES;
				CLANG_ENABLE_OBJC_ARC = YES;
				CLANG_ENABLE_OBJC_WEAK = YES;
				CLANG_WARN_BLOCK_CAPTURE_AUTORELEASING = YES;
				CLANG_WARN_BOOL_CONVERSION = YES;
				CLANG_WARN_COMMA = YES;
				CLANG_WARN_CONSTANT_CONVERSION = YES;
				CLANG_WARN_DEPRECATED_OBJC_IMPLEMENTATIONS = YES;
				CLANG_WARN_DIRECT_OBJC_ISA_USAGE = YES_ERROR;
				CLANG_WARN_DOCUMENTATION_COMMENTS = YES;
				CLANG_WARN_EMPTY_BODY = YES;
				CLANG_WARN_ENUM_CONVERSION = YES;
				CLANG_WARN_INFINITE_RECURSION = YES;
				CLANG_WARN_INT_CONVERSION = YES;
				CLANG_WARN_NON_LITERAL_NULL_CONVERSION = YES;
				CLANG_WARN_OBJC_IMPLICIT_RETAIN_SELF = YES;
				CLANG_WARN_OBJC_LITERAL_CONVERSION = YES;
				CLANG_WARN_OBJC_ROOT_CLASS = YES_ERROR;
				CLANG_WARN_RANGE_LOOP_ANALYSIS = YES;
				CLANG_WARN_STRICT_PROTOTYPES = YES;
				CLANG_WARN_SUSPICIOUS_MOVE = YES;
				CLANG_WARN_UNGUARDED_AVAILABILITY = YES_AGGRESSIVE;
				CLANG_WARN_UNREACHABLE_CODE = YES;
				CLANG_WARN__DUPLICATE_METHOD_MATCH = YES;
				COPY_PHASE_STRIP = NO;
				DEBUG_INFORMATION_FORMAT = "dwarf-with-dsym";
				ENABLE_NS_ASSERTIONS = NO;
				ENABLE_STRICT_OBJC_MSGSEND = YES;
				GCC_C_LANGUAGE_STANDARD = gnu11;
				GCC_NO_COMMON_BLOCKS = YES;
				GCC_WARN_64_TO_32_BIT_CONVERSION = YES;
				GCC_WARN_ABOUT_RETURN_TYPE = YES_ERROR;
				GCC_WARN_UNDECLARED_SELECTOR = YES;
				GCC_WARN_UNINITIALIZED_AUTOS = YES_AGGRESSIVE;
				GCC_WARN_UNUSED_FUNCTION = YES;
				GCC_WARN_UNUSED_VARIABLE = YES;
				IPHONEOS_DEPLOYMENT_TARGET = 13.5;
				MTL_ENABLE_DEBUG_INFO = NO;
				MTL_FAST_MATH = YES;
				SDKROOT = iphoneos;
				VALIDATE_PRODUCT = YES;
			};
			name = Release;
		};
		B42864FD24B4EE3E00F03109 /* Debug */ = {
			isa = XCBuildConfiguration;
			baseConfigurationReference = 8724B0666694BC19C378A5CD /* Pods-Instagram.debug.xcconfig */;
			buildSettings = {
				ASSETCATALOG_COMPILER_APPICON_NAME = AppIcon;
				CODE_SIGN_STYLE = Automatic;
				DEVELOPMENT_TEAM = D28L47T38U;
				INFOPLIST_FILE = Instagram/Info.plist;
				LD_RUNPATH_SEARCH_PATHS = (
					"$(inherited)",
					"@executable_path/Frameworks",
				);
				PRODUCT_BUNDLE_IDENTIFIER = com.chadellisfranklin.Instagram;
				PRODUCT_NAME = "$(TARGET_NAME)";
				TARGETED_DEVICE_FAMILY = "1,2";
			};
			name = Debug;
		};
		B42864FE24B4EE3E00F03109 /* Release */ = {
			isa = XCBuildConfiguration;
			baseConfigurationReference = 917DC7D29CBD6F9C37EDB5CB /* Pods-Instagram.release.xcconfig */;
			buildSettings = {
				ASSETCATALOG_COMPILER_APPICON_NAME = AppIcon;
				CODE_SIGN_STYLE = Automatic;
				DEVELOPMENT_TEAM = D28L47T38U;
				INFOPLIST_FILE = Instagram/Info.plist;
				LD_RUNPATH_SEARCH_PATHS = (
					"$(inherited)",
					"@executable_path/Frameworks",
				);
				PRODUCT_BUNDLE_IDENTIFIER = com.chadellisfranklin.Instagram;
				PRODUCT_NAME = "$(TARGET_NAME)";
				TARGETED_DEVICE_FAMILY = "1,2";
			};
			name = Release;
		};
		B428650024B4EE3E00F03109 /* Debug */ = {
			isa = XCBuildConfiguration;
			baseConfigurationReference = 6A6D4D12350EBA43AF7FBD54 /* Pods-InstagramTests.debug.xcconfig */;
			buildSettings = {
				BUNDLE_LOADER = "$(TEST_HOST)";
				CODE_SIGN_STYLE = Automatic;
				DEVELOPMENT_TEAM = D28L47T38U;
				INFOPLIST_FILE = InstagramTests/Info.plist;
				IPHONEOS_DEPLOYMENT_TARGET = 13.5;
				LD_RUNPATH_SEARCH_PATHS = (
					"$(inherited)",
					"@executable_path/Frameworks",
					"@loader_path/Frameworks",
				);
				PRODUCT_BUNDLE_IDENTIFIER = com.chadellisfranklin.InstagramTests;
				PRODUCT_NAME = "$(TARGET_NAME)";
				TARGETED_DEVICE_FAMILY = "1,2";
				TEST_HOST = "$(BUILT_PRODUCTS_DIR)/Instagram.app/Instagram";
			};
			name = Debug;
		};
		B428650124B4EE3E00F03109 /* Release */ = {
			isa = XCBuildConfiguration;
			baseConfigurationReference = E226820EFDFE3EE31DF90D34 /* Pods-InstagramTests.release.xcconfig */;
			buildSettings = {
				BUNDLE_LOADER = "$(TEST_HOST)";
				CODE_SIGN_STYLE = Automatic;
				DEVELOPMENT_TEAM = D28L47T38U;
				INFOPLIST_FILE = InstagramTests/Info.plist;
				IPHONEOS_DEPLOYMENT_TARGET = 13.5;
				LD_RUNPATH_SEARCH_PATHS = (
					"$(inherited)",
					"@executable_path/Frameworks",
					"@loader_path/Frameworks",
				);
				PRODUCT_BUNDLE_IDENTIFIER = com.chadellisfranklin.InstagramTests;
				PRODUCT_NAME = "$(TARGET_NAME)";
				TARGETED_DEVICE_FAMILY = "1,2";
				TEST_HOST = "$(BUILT_PRODUCTS_DIR)/Instagram.app/Instagram";
			};
			name = Release;
		};
		B428650324B4EE3E00F03109 /* Debug */ = {
			isa = XCBuildConfiguration;
			baseConfigurationReference = 0236D4B61F4B3C74F7699986 /* Pods-Instagram-InstagramUITests.debug.xcconfig */;
			buildSettings = {
				CODE_SIGN_STYLE = Automatic;
				DEVELOPMENT_TEAM = D28L47T38U;
				INFOPLIST_FILE = InstagramUITests/Info.plist;
				LD_RUNPATH_SEARCH_PATHS = (
					"$(inherited)",
					"@executable_path/Frameworks",
					"@loader_path/Frameworks",
				);
				PRODUCT_BUNDLE_IDENTIFIER = com.chadellisfranklin.InstagramUITests;
				PRODUCT_NAME = "$(TARGET_NAME)";
				TARGETED_DEVICE_FAMILY = "1,2";
				TEST_TARGET_NAME = Instagram;
			};
			name = Debug;
		};
		B428650424B4EE3E00F03109 /* Release */ = {
			isa = XCBuildConfiguration;
			baseConfigurationReference = 57A89DE8F2B6DB3240B7F06C /* Pods-Instagram-InstagramUITests.release.xcconfig */;
			buildSettings = {
				CODE_SIGN_STYLE = Automatic;
				DEVELOPMENT_TEAM = D28L47T38U;
				INFOPLIST_FILE = InstagramUITests/Info.plist;
				LD_RUNPATH_SEARCH_PATHS = (
					"$(inherited)",
					"@executable_path/Frameworks",
					"@loader_path/Frameworks",
				);
				PRODUCT_BUNDLE_IDENTIFIER = com.chadellisfranklin.InstagramUITests;
				PRODUCT_NAME = "$(TARGET_NAME)";
				TARGETED_DEVICE_FAMILY = "1,2";
				TEST_TARGET_NAME = Instagram;
			};
			name = Release;
		};
/* End XCBuildConfiguration section */

/* Begin XCConfigurationList section */
		B42864C824B4EE3C00F03109 /* Build configuration list for PBXProject "Instagram" */ = {
			isa = XCConfigurationList;
			buildConfigurations = (
				B42864FA24B4EE3E00F03109 /* Debug */,
				B42864FB24B4EE3E00F03109 /* Release */,
			);
			defaultConfigurationIsVisible = 0;
			defaultConfigurationName = Release;
		};
		B42864FC24B4EE3E00F03109 /* Build configuration list for PBXNativeTarget "Instagram" */ = {
			isa = XCConfigurationList;
			buildConfigurations = (
				B42864FD24B4EE3E00F03109 /* Debug */,
				B42864FE24B4EE3E00F03109 /* Release */,
			);
			defaultConfigurationIsVisible = 0;
			defaultConfigurationName = Release;
		};
		B42864FF24B4EE3E00F03109 /* Build configuration list for PBXNativeTarget "InstagramTests" */ = {
			isa = XCConfigurationList;
			buildConfigurations = (
				B428650024B4EE3E00F03109 /* Debug */,
				B428650124B4EE3E00F03109 /* Release */,
			);
			defaultConfigurationIsVisible = 0;
			defaultConfigurationName = Release;
		};
		B428650224B4EE3E00F03109 /* Build configuration list for PBXNativeTarget "InstagramUITests" */ = {
			isa = XCConfigurationList;
			buildConfigurations = (
				B428650324B4EE3E00F03109 /* Debug */,
				B428650424B4EE3E00F03109 /* Release */,
			);
			defaultConfigurationIsVisible = 0;
			defaultConfigurationName = Release;
		};
/* End XCConfigurationList section */
	};
	rootObject = B42864C524B4EE3C00F03109 /* Project object */;
}
